// !$*UTF8*$!
{
	archiveVersion = 1;
	classes = {
	};
	objectVersion = 60;
	objects = {

/* Begin PBXBuildFile section */
		A30000000000000000000001 /* VifuGodot in Frameworks */ = {isa = PBXBuildFile; productRef = A3000000000000000000000D /* VifuGodot */; };
		B30000000000000000000001 /* GodotEmbeddingViewModel.swift in Sources */ = {isa = PBXBuildFile; fileRef = B30000000000000000000011 /* GodotEmbeddingViewModel.swift */; };
		B30000000000000000000002 /* GodotEmbeddingView.swift in Sources */ = {isa = PBXBuildFile; fileRef = B30000000000000000000012 /* GodotEmbeddingView.swift */; };
		B30000000000000000000003 /* GatewayCodeScanner.swift in Sources */ = {isa = PBXBuildFile; fileRef = B30000000000000000000013 /* GatewayCodeScanner.swift */; };
		B30000000000000000000004 /* RootView.swift in Sources */ = {isa = PBXBuildFile; fileRef = B30000000000000000000014 /* RootView.swift */; };
		B30000000000000000000005 /* GodotRuntimeStage.swift in Sources */ = {isa = PBXBuildFile; fileRef = B30000000000000000000015 /* GodotRuntimeStage.swift */; };
		B30000000000000000000006 /* GodotEmbeddedRuntime.swift in Sources */ = {isa = PBXBuildFile; fileRef = B30000000000000000000016 /* GodotEmbeddedRuntime.swift */; };
		B30000000000000000000007 /* GodotEmbed.swift in Sources */ = {isa = PBXBuildFile; fileRef = B30000000000000000000017 /* GodotEmbed.swift */; };
		B30000000000000000000008 /* VifuGodotIOSStarterApp.swift in Sources */ = {isa = PBXBuildFile; fileRef = B30000000000000000000018 /* VifuGodotIOSStarterApp.swift */; };
		B30000000000000000000009 /* LocalModelStore.swift in Sources */ = {isa = PBXBuildFile; fileRef = B30000000000000000000019 /* LocalModelStore.swift */; };
		B3000000000000000000000A /* GatewayControlView.swift in Sources */ = {isa = PBXBuildFile; fileRef = B3000000000000000000001A /* GatewayControlView.swift */; };
		B3000000000000000000000B /* StarterRuntime.json in Resources */ = {isa = PBXBuildFile; fileRef = B3000000000000000000001B /* StarterRuntime.json */; };
/* End PBXBuildFile section */

/* Begin PBXFileReference section */
		A10000000000000000000002 /* VifuGodotIOSStarter.app */ = {isa = PBXFileReference; explicitFileType = wrapper.application; includeInIndex = 0; path = VifuGodotIOSStarter.app; sourceTree = BUILT_PRODUCTS_DIR; };
		B30000000000000000000011 /* GodotEmbeddingViewModel.swift */ = {isa = PBXFileReference; lastKnownFileType = sourcecode.swift; path = GodotEmbeddingViewModel.swift; sourceTree = "<group>"; };
		B30000000000000000000012 /* GodotEmbeddingView.swift */ = {isa = PBXFileReference; lastKnownFileType = sourcecode.swift; path = GodotEmbeddingView.swift; sourceTree = "<group>"; };
		B30000000000000000000013 /* GatewayCodeScanner.swift */ = {isa = PBXFileReference; lastKnownFileType = sourcecode.swift; path = GatewayCodeScanner.swift; sourceTree = "<group>"; };
		B30000000000000000000014 /* RootView.swift */ = {isa = PBXFileReference; lastKnownFileType = sourcecode.swift; path = RootView.swift; sourceTree = "<group>"; };
		B30000000000000000000015 /* GodotRuntimeStage.swift */ = {isa = PBXFileReference; lastKnownFileType = sourcecode.swift; path = GodotRuntimeStage.swift; sourceTree = "<group>"; };
		B30000000000000000000016 /* GodotEmbeddedRuntime.swift */ = {isa = PBXFileReference; lastKnownFileType = sourcecode.swift; path = GodotEmbeddedRuntime.swift; sourceTree = "<group>"; };
		B30000000000000000000017 /* GodotEmbed.swift */ = {isa = PBXFileReference; lastKnownFileType = sourcecode.swift; path = GodotEmbed.swift; sourceTree = "<group>"; };
		B30000000000000000000018 /* VifuGodotIOSStarterApp.swift */ = {isa = PBXFileReference; lastKnownFileType = sourcecode.swift; path = VifuGodotIOSStarterApp.swift; sourceTree = "<group>"; };
		B30000000000000000000019 /* LocalModelStore.swift */ = {isa = PBXFileReference; lastKnownFileType = sourcecode.swift; path = LocalModelStore.swift; sourceTree = "<group>"; };
		B3000000000000000000001A /* GatewayControlView.swift */ = {isa = PBXFileReference; lastKnownFileType = sourcecode.swift; path = GatewayControlView.swift; sourceTree = "<group>"; };
		B3000000000000000000001B /* StarterRuntime.json */ = {isa = PBXFileReference; lastKnownFileType = text.json; path = StarterRuntime.json; sourceTree = "<group>"; };
/* End PBXFileReference section */

/* Begin PBXFrameworksBuildPhase section */
		A10000000000000000000004 /* Frameworks */ = {
			isa = PBXFrameworksBuildPhase;
			buildActionMask = 2147483647;
			files = (
				A30000000000000000000001 /* VifuGodot in Frameworks */,
			);
			runOnlyForDeploymentPostprocessing = 0;
		};
/* End PBXFrameworksBuildPhase section */

/* Begin PBXGroup section */
		A10000000000000000000003 /* VifuGodotIOSStarter */ = {
			isa = PBXGroup;
			children = (
				B30000000000000000000011 /* GodotEmbeddingViewModel.swift */,
				B30000000000000000000012 /* GodotEmbeddingView.swift */,
				B30000000000000000000013 /* GatewayCodeScanner.swift */,
				B30000000000000000000014 /* RootView.swift */,
				B30000000000000000000015 /* GodotRuntimeStage.swift */,
				B30000000000000000000016 /* GodotEmbeddedRuntime.swift */,
				B30000000000000000000017 /* GodotEmbed.swift */,
				B30000000000000000000018 /* VifuGodotIOSStarterApp.swift */,
				B30000000000000000000019 /* LocalModelStore.swift */,
				B3000000000000000000001A /* GatewayControlView.swift */,
				B3000000000000000000001B /* StarterRuntime.json */,
			);
			path = VifuGodotIOSStarter;
			sourceTree = "<group>";
		};
		A10000000000000000000005 = {
			isa = PBXGroup;
			children = (
				A10000000000000000000003 /* VifuGodotIOSStarter */,
				A10000000000000000000006 /* Products */,
			);
			sourceTree = "<group>";
		};
		A10000000000000000000006 /* Products */ = {
			isa = PBXGroup;
			children = (
				A10000000000000000000002 /* VifuGodotIOSStarter.app */,
			);
			name = Products;
			sourceTree = "<group>";
		};
/* End PBXGroup section */

/* Begin PBXNativeTarget section */
		A10000000000000000000007 /* VifuGodotIOSStarter */ = {
			isa = PBXNativeTarget;
			buildConfigurationList = A10000000000000000000008 /* Build configuration list for PBXNativeTarget "VifuGodotIOSStarter" */;
			buildPhases = (
				A10000000000000000000009 /* Sources */,
				A10000000000000000000004 /* Frameworks */,
				A1000000000000000000000A /* Resources */,
			);
			buildRules = (
			);
			dependencies = (
			);
			name = VifuGodotIOSStarter;
			packageProductDependencies = (
				A3000000000000000000000D /* VifuGodot */,
			);
			productName = VifuGodotIOSStarter;
			productReference = A10000000000000000000002 /* VifuGodotIOSStarter.app */;
			productType = "com.apple.product-type.application";
		};
/* End PBXNativeTarget section */

/* Begin PBXProject section */
		A1000000000000000000000B /* Project object */ = {
			isa = PBXProject;
			attributes = {
				BuildIndependentTargetsInParallel = 1;
				LastSwiftUpdateCheck = 1540;
				LastUpgradeCheck = 1540;
				TargetAttributes = {
					A10000000000000000000007 = {
						CreatedOnToolsVersion = 15.4;
					};
				};
			};
			buildConfigurationList = A1000000000000000000000C /* Build configuration list for PBXProject "VifuGodotIOSStarter" */;
			compatibilityVersion = "Xcode 15.0";
			developmentRegion = en;
			hasScannedForEncodings = 0;
			knownRegions = (
				en,
				Base,
			);
			mainGroup = A10000000000000000000005;
			minimizedProjectReferenceProxies = 1;
			packageReferences = (
				A3000000000000000000000E /* XCLocalSwiftPackageReference "../../integrations/godot/apple" */,
			);
			productRefGroup = A10000000000000000000006 /* Products */;
			projectDirPath = "";
			projectRoot = "";
			targets = (
				A10000000000000000000007 /* VifuGodotIOSStarter */,
			);
		};
/* End PBXProject section */

/* Begin PBXResourcesBuildPhase section */
		A1000000000000000000000A /* Resources */ = {
			isa = PBXResourcesBuildPhase;
			buildActionMask = 2147483647;
			files = (
				B3000000000000000000000B /* StarterRuntime.json in Resources */,
			);
			runOnlyForDeploymentPostprocessing = 0;
		};
/* End PBXResourcesBuildPhase section */

/* Begin PBXSourcesBuildPhase section */
		A10000000000000000000009 /* Sources */ = {
			isa = PBXSourcesBuildPhase;
			buildActionMask = 2147483647;
			files = (
				B30000000000000000000001 /* GodotEmbeddingViewModel.swift in Sources */,
				B30000000000000000000002 /* GodotEmbeddingView.swift in Sources */,
				B30000000000000000000003 /* GatewayCodeScanner.swift in Sources */,
				B30000000000000000000004 /* RootView.swift in Sources */,
				B30000000000000000000005 /* GodotRuntimeStage.swift in Sources */,
				B30000000000000000000006 /* GodotEmbeddedRuntime.swift in Sources */,
				B30000000000000000000007 /* GodotEmbed.swift in Sources */,
				B30000000000000000000008 /* VifuGodotIOSStarterApp.swift in Sources */,
				B30000000000000000000009 /* LocalModelStore.swift in Sources */,
				B3000000000000000000000A /* GatewayControlView.swift in Sources */,
			);
			runOnlyForDeploymentPostprocessing = 0;
		};
/* End PBXSourcesBuildPhase section */

/* Begin XCBuildConfiguration section */
		A1000000000000000000000F /* Debug */ = {
			isa = XCBuildConfiguration;
			buildSettings = {
				ALWAYS_SEARCH_USER_PATHS = NO;
				ASSETCATALOG_COMPILER_GENERATE_SWIFT_ASSET_SYMBOL_EXTENSIONS = YES;
				CLANG_CXX_LANGUAGE_STANDARD = "gnu++20";
				CLANG_ENABLE_MODULES = YES;
				CLANG_ENABLE_OBJC_ARC = YES;
				CLANG_WARN_BOOL_CONVERSION = YES;
				CLANG_WARN_CONSTANT_CONVERSION = YES;
				CLANG_WARN_DOCUMENTATION_COMMENTS = YES;
				CLANG_WARN_EMPTY_BODY = YES;
				CLANG_WARN_ENUM_CONVERSION = YES;
				CLANG_WARN_INFINITE_RECURSION = YES;
				CLANG_WARN_INT_CONVERSION = YES;
				CLANG_WARN_OBJC_LITERAL_CONVERSION = YES;
				CLANG_WARN_UNREACHABLE_CODE = YES;
				COPY_PHASE_STRIP = NO;
				DEBUG_INFORMATION_FORMAT = dwarf;
				ENABLE_TESTABILITY = YES;
				GCC_C_LANGUAGE_STANDARD = gnu17;
				MTL_ENABLE_DEBUG_INFO = INCLUDE_SOURCE;
				ONLY_ACTIVE_ARCH = YES;
				SWIFT_ACTIVE_COMPILATION_CONDITIONS = "DEBUG $(inherited)";
				SWIFT_OPTIMIZATION_LEVEL = "-Onone";
			};
			name = Debug;
		};
		A10000000000000000000010 /* Release */ = {
			isa = XCBuildConfiguration;
			buildSettings = {
				ALWAYS_SEARCH_USER_PATHS = NO;
				ASSETCATALOG_COMPILER_GENERATE_SWIFT_ASSET_SYMBOL_EXTENSIONS = YES;
				CLANG_CXX_LANGUAGE_STANDARD = "gnu++20";
				CLANG_ENABLE_MODULES = YES;
				CLANG_ENABLE_OBJC_ARC = YES;
				CLANG_WARN_BOOL_CONVERSION = YES;
				CLANG_WARN_CONSTANT_CONVERSION = YES;
				CLANG_WARN_DOCUMENTATION_COMMENTS = YES;
				CLANG_WARN_EMPTY_BODY = YES;
				CLANG_WARN_ENUM_CONVERSION = YES;
				CLANG_WARN_INFINITE_RECURSION = YES;
				CLANG_WARN_INT_CONVERSION = YES;
				CLANG_WARN_OBJC_LITERAL_CONVERSION = YES;
				CLANG_WARN_UNREACHABLE_CODE = YES;
				COPY_PHASE_STRIP = YES;
				DEBUG_INFORMATION_FORMAT = "dwarf-with-dsym";
				ENABLE_NS_ASSERTIONS = NO;
				GCC_C_LANGUAGE_STANDARD = gnu17;
				MTL_ENABLE_DEBUG_INFO = NO;
				SWIFT_COMPILATION_MODE = wholemodule;
				VALIDATE_PRODUCT = YES;
			};
			name = Release;
		};
		A10000000000000000000011 /* Debug */ = {
			isa = XCBuildConfiguration;
			buildSettings = {
				"ARCHS[sdk=macosx*]" = arm64;
				CODE_SIGN_IDENTITY = "Apple Development";
				CODE_SIGN_STYLE = Automatic;
				CURRENT_PROJECT_VERSION = 1;
				DEVELOPMENT_TEAM = H4W93DR88M;
				"EXCLUDED_ARCHS[sdk=macosx*]" = x86_64;
				GENERATE_INFOPLIST_FILE = YES;
				INFOPLIST_KEY_CFBundleDisplayName = "Vifu Godot iOS Starter";
				INFOPLIST_KEY_NSCameraUsageDescription = "Scan a one-time Vifu Gateway pairing code shown on your computer.";
				INFOPLIST_KEY_NSLocalNetworkUsageDescription = "Connect to your paired Vifu Server on this Mac to receive agent settings and report runtime activity.";
				INFOPLIST_KEY_LSApplicationCategoryType = "public.app-category.entertainment";
				INFOPLIST_KEY_UIApplicationSupportsIndirectInputEvents = YES;
				INFOPLIST_KEY_UILaunchScreen_Generation = YES;
				INFOPLIST_KEY_UISupportedInterfaceOrientations_iPad = "UIInterfaceOrientationPortrait UIInterfaceOrientationPortraitUpsideDown UIInterfaceOrientationLandscapeLeft UIInterfaceOrientationLandscapeRight";
				INFOPLIST_KEY_UISupportedInterfaceOrientations_iPhone = "UIInterfaceOrientationPortrait UIInterfaceOrientationLandscapeLeft UIInterfaceOrientationLandscapeRight";
				IPHONEOS_DEPLOYMENT_TARGET = 17.0;
				LD_RUNPATH_SEARCH_PATHS = (
					"$(inherited)",
					"@executable_path/Frameworks",
				);
				"LD_RUNPATH_SEARCH_PATHS[sdk=macosx*]" = (
					"$(inherited)",
					"@executable_path/../Frameworks",
				);
				MACOSX_DEPLOYMENT_TARGET = 14.0;
				MARKETING_VERSION = 0.1;
				PRODUCT_BUNDLE_IDENTIFIER = dev.vifu.godot.ios.starter;
				PRODUCT_NAME = "$(TARGET_NAME)";
				SDKROOT = auto;
				SUPPORTED_PLATFORMS = "iphoneos iphonesimulator macosx";
				SUPPORTS_MACCATALYST = NO;
				SUPPORTS_MAC_DESIGNED_FOR_IPHONE_IPAD = YES;
				SWIFT_EMIT_LOC_STRINGS = YES;
				SWIFT_STRICT_CONCURRENCY = complete;
				SWIFT_VERSION = 5.0;
				TARGETED_DEVICE_FAMILY = "1,2";
			};
			name = Debug;
		};
		A10000000000000000000012 /* Release */ = {
			isa = XCBuildConfiguration;
			buildSettings = {
				"ARCHS[sdk=macosx*]" = arm64;
				CODE_SIGN_IDENTITY = "Apple Development";
				CODE_SIGN_STYLE = Automatic;
				CURRENT_PROJECT_VERSION = 1;
				DEVELOPMENT_TEAM = H4W93DR88M;
				"EXCLUDED_ARCHS[sdk=macosx*]" = x86_64;
				GENERATE_INFOPLIST_FILE = YES;
				INFOPLIST_KEY_CFBundleDisplayName = "Vifu Godot iOS Starter";
				INFOPLIST_KEY_NSCameraUsageDescription = "Scan a one-time Vifu Gateway pairing code shown on your computer.";
				INFOPLIST_KEY_NSLocalNetworkUsageDescription = "Connect to your paired Vifu Server on this Mac to receive agent settings and report runtime activity.";
				INFOPLIST_KEY_LSApplicationCategoryType = "public.app-category.entertainment";
				INFOPLIST_KEY_UIApplicationSupportsIndirectInputEvents = YES;
				INFOPLIST_KEY_UILaunchScreen_Generation = YES;
				INFOPLIST_KEY_UISupportedInterfaceOrientations_iPad = "UIInterfaceOrientationPortrait UIInterfaceOrientationPortraitUpsideDown UIInterfaceOrientationLandscapeLeft UIInterfaceOrientationLandscapeRight";
				INFOPLIST_KEY_UISupportedInterfaceOrientations_iPhone = "UIInterfaceOrientationPortrait UIInterfaceOrientationLandscapeLeft UIInterfaceOrientationLandscapeRight";
				IPHONEOS_DEPLOYMENT_TARGET = 17.0;
				LD_RUNPATH_SEARCH_PATHS = (
					"$(inherited)",
					"@executable_path/Frameworks",
				);
				"LD_RUNPATH_SEARCH_PATHS[sdk=macosx*]" = (
					"$(inherited)",
					"@executable_path/../Frameworks",
				);
				MACOSX_DEPLOYMENT_TARGET = 14.0;
				MARKETING_VERSION = 0.1;
				PRODUCT_BUNDLE_IDENTIFIER = dev.vifu.godot.ios.starter;
				PRODUCT_NAME = "$(TARGET_NAME)";
				SDKROOT = auto;
				SUPPORTED_PLATFORMS = "iphoneos iphonesimulator macosx";
				SUPPORTS_MACCATALYST = NO;
				SUPPORTS_MAC_DESIGNED_FOR_IPHONE_IPAD = YES;
				SWIFT_EMIT_LOC_STRINGS = YES;
				SWIFT_STRICT_CONCURRENCY = complete;
				SWIFT_VERSION = 5.0;
				TARGETED_DEVICE_FAMILY = "1,2";
			};
			name = Release;
		};
/* End XCBuildConfiguration section */

/* Begin XCConfigurationList section */
		A10000000000000000000008 /* Build configuration list for PBXNativeTarget "VifuGodotIOSStarter" */ = {
			isa = XCConfigurationList;
			buildConfigurations = (
				A10000000000000000000011 /* Debug */,
				A10000000000000000000012 /* Release */,
			);
			defaultConfigurationIsVisible = 0;
			defaultConfigurationName = Release;
		};
		A1000000000000000000000C /* Build configuration list for PBXProject "VifuGodotIOSStarter" */ = {
			isa = XCConfigurationList;
			buildConfigurations = (
				A1000000000000000000000F /* Debug */,
				A10000000000000000000010 /* Release */,
			);
			defaultConfigurationIsVisible = 0;
			defaultConfigurationName = Release;
		};
/* End XCConfigurationList section */

/* Begin XCLocalSwiftPackageReference section */
		A3000000000000000000000E /* XCLocalSwiftPackageReference "../../integrations/godot/apple" */ = {
			isa = XCLocalSwiftPackageReference;
			relativePath = ../../integrations/godot/apple;
		};
/* End XCLocalSwiftPackageReference section */

/* Begin XCSwiftPackageProductDependency section */
		A3000000000000000000000D /* VifuGodot */ = {
			isa = XCSwiftPackageProductDependency;
			package = A3000000000000000000000E /* XCLocalSwiftPackageReference "../../integrations/godot/apple" */;
			productName = VifuGodot;
		};
/* End XCSwiftPackageProductDependency section */
	};
	rootObject = A1000000000000000000000B /* Project object */;
}
